
Microsoft Visual Studio Solution File, Format Version 12.00
# Visual Studio Version 16
VisualStudioVersion = 16.0.30002.166
MinimumVisualStudioVersion = 10.0.40219.1
Project("{9A19103F-16F7-4668-BE54-9A1E7A4F7556}") = "TCC.Fernando.Especificacao3", "TCC.Fernando.Especificacao1\TCC.Fernando.Especificacao3.csproj", "{F496D1DD-EDAE-4B05-A522-59AB725BB6FB}"
EndProject
Global
	GlobalSection(SolutionConfigurationPlatforms) = preSolution
		Debug|Any CPU = Debug|Any CPU
		Release|Any CPU = Release|Any CPU
	EndGlobalSection
	GlobalSection(ProjectConfigurationPlatforms) = postSolution
		{F496D1DD-EDAE-4B05-A522-59AB725BB6FB}.Debug|Any CPU.ActiveCfg = Debug|Any CPU
		{F496D1DD-EDAE-4B05-A522-59AB725BB6FB}.Debug|Any CPU.Build.0 = Debug|Any CPU
		{F496D1DD-EDAE-4B05-A522-59AB725BB6FB}.Release|Any CPU.ActiveCfg = Release|Any CPU
		{F496D1DD-EDAE-4B05-A522-59AB725BB6FB}.Release|Any CPU.Build.0 = Release|Any CPU
	EndGlobalSection
	GlobalSection(SolutionProperties) = preSolution
		HideSolutionNode = FALSE
	EndGlobalSection
	GlobalSection(ExtensibilityGlobals) = postSolution
		SolutionGuid = {060B78CC-F28A-443E-A97E-996EEA864667}
	EndGlobalSection
EndGlobal
